
Microsoft Visual Studio Solution File, Format Version 12.00
Project("{FAE04EC0-301F-11D3-BF4B-00C04F79EFBC}") = "OnlineStore.WebApi", "OnlineStore.WebApi\OnlineStore.WebApi.csproj", "{54D0533F-40D8-4FCE-97D0-E26BB31C50A5}"
EndProject
Project("{FAE04EC0-301F-11D3-BF4B-00C04F79EFBC}") = "OnlineStore.HttpApiClient", "OnlineStore.HttpApiClient\OnlineStore.HttpApiClient.csproj", "{51FB4ADB-D5ED-4B42-8384-D8BA9F0FE2AD}"
EndProject
Project("{FAE04EC0-301F-11D3-BF4B-00C04F79EFBC}") = "OnlineStore.BlazorClient", "OnlineStore.BlazorClient\OnlineStore.BlazorClient.csproj", "{6789EB7E-3F79-43BF-B92E-7E9795586E5C}"
EndProject
Project("{FAE04EC0-301F-11D3-BF4B-00C04F79EFBC}") = "OnlineStore.Models", "OnlineStore.Models\OnlineStore.Models.csproj", "{11F8C19D-E046-4C3A-9F54-7081BF053B11}"
EndProject
Project("{FAE04EC0-301F-11D3-BF4B-00C04F79EFBC}") = "OnlineStore.HttpApiClientRefit", "OnlineStore.HttpApiClientRefit\OnlineStore.HttpApiClientRefit.csproj", "{D475C4D2-3839-47B7-AB82-FFE5EDC72583}"
EndProject
Project("{FAE04EC0-301F-11D3-BF4B-00C04F79EFBC}") = "OnlineStore.HttpApiClientFake", "OnlineStore.HttpApiClientFake\OnlineStore.HttpApiClientFake.csproj", "{998E8FAB-ABF9-478D-B7CC-6F0AD9EDDAC1}"
EndProject
Project("{FAE04EC0-301F-11D3-BF4B-00C04F79EFBC}") = "OnlineStore.Data", "OnlineStore.Data\OnlineStore.Data.csproj", "{0AC96581-1AC6-4061-9FEA-5034624EFA25}"
EndProject
Global
	GlobalSection(SolutionConfigurationPlatforms) = preSolution
		Debug|Any CPU = Debug|Any CPU
		Release|Any CPU = Release|Any CPU
	EndGlobalSection
	GlobalSection(ProjectConfigurationPlatforms) = postSolution
		{54D0533F-40D8-4FCE-97D0-E26BB31C50A5}.Debug|Any CPU.ActiveCfg = Debug|Any CPU
		{54D0533F-40D8-4FCE-97D0-E26BB31C50A5}.Debug|Any CPU.Build.0 = Debug|Any CPU
		{54D0533F-40D8-4FCE-97D0-E26BB31C50A5}.Release|Any CPU.ActiveCfg = Release|Any CPU
		{54D0533F-40D8-4FCE-97D0-E26BB31C50A5}.Release|Any CPU.Build.0 = Release|Any CPU
		{51FB4ADB-D5ED-4B42-8384-D8BA9F0FE2AD}.Debug|Any CPU.ActiveCfg = Debug|Any CPU
		{51FB4ADB-D5ED-4B42-8384-D8BA9F0FE2AD}.Debug|Any CPU.Build.0 = Debug|Any CPU
		{51FB4ADB-D5ED-4B42-8384-D8BA9F0FE2AD}.Release|Any CPU.ActiveCfg = Release|Any CPU
		{51FB4ADB-D5ED-4B42-8384-D8BA9F0FE2AD}.Release|Any CPU.Build.0 = Release|Any CPU
		{6789EB7E-3F79-43BF-B92E-7E9795586E5C}.Debug|Any CPU.ActiveCfg = Debug|Any CPU
		{6789EB7E-3F79-43BF-B92E-7E9795586E5C}.Debug|Any CPU.Build.0 = Debug|Any CPU
		{6789EB7E-3F79-43BF-B92E-7E9795586E5C}.Release|Any CPU.ActiveCfg = Release|Any CPU
		{6789EB7E-3F79-43BF-B92E-7E9795586E5C}.Release|Any CPU.Build.0 = Release|Any CPU
		{11F8C19D-E046-4C3A-9F54-7081BF053B11}.Debug|Any CPU.ActiveCfg = Debug|Any CPU
		{11F8C19D-E046-4C3A-9F54-7081BF053B11}.Debug|Any CPU.Build.0 = Debug|Any CPU
		{11F8C19D-E046-4C3A-9F54-7081BF053B11}.Release|Any CPU.ActiveCfg = Release|Any CPU
		{11F8C19D-E046-4C3A-9F54-7081BF053B11}.Release|Any CPU.Build.0 = Release|Any CPU
		{D475C4D2-3839-47B7-AB82-FFE5EDC72583}.Debug|Any CPU.ActiveCfg = Debug|Any CPU
		{D475C4D2-3839-47B7-AB82-FFE5EDC72583}.Debug|Any CPU.Build.0 = Debug|Any CPU
		{D475C4D2-3839-47B7-AB82-FFE5EDC72583}.Release|Any CPU.ActiveCfg = Release|Any CPU
		{D475C4D2-3839-47B7-AB82-FFE5EDC72583}.Release|Any CPU.Build.0 = Release|Any CPU
		{998E8FAB-ABF9-478D-B7CC-6F0AD9EDDAC1}.Debug|Any CPU.ActiveCfg = Debug|Any CPU
		{998E8FAB-ABF9-478D-B7CC-6F0AD9EDDAC1}.Debug|Any CPU.Build.0 = Debug|Any CPU
		{998E8FAB-ABF9-478D-B7CC-6F0AD9EDDAC1}.Release|Any CPU.ActiveCfg = Release|Any CPU
		{998E8FAB-ABF9-478D-B7CC-6F0AD9EDDAC1}.Release|Any CPU.Build.0 = Release|Any CPU
		{0AC96581-1AC6-4061-9FEA-5034624EFA25}.Debug|Any CPU.ActiveCfg = Debug|Any CPU
		{0AC96581-1AC6-4061-9FEA-5034624EFA25}.Debug|Any CPU.Build.0 = Debug|Any CPU
		{0AC96581-1AC6-4061-9FEA-5034624EFA25}.Release|Any CPU.ActiveCfg = Release|Any CPU
		{0AC96581-1AC6-4061-9FEA-5034624EFA25}.Release|Any CPU.Build.0 = Release|Any CPU
	EndGlobalSection
EndGlobal
