
Microsoft Visual Studio Solution File, Format Version 12.00
Project("{FAE04EC0-301F-11D3-BF4B-00C04F79EFBC}") = "OnlineStore.WebApi", "backend\OnlineStore.WebApi\OnlineStore.WebApi.csproj", "{54D0533F-40D8-4FCE-97D0-E26BB31C50A5}"
EndProject
Project("{FAE04EC0-301F-11D3-BF4B-00C04F79EFBC}") = "OnlineStore.HttpApiClient", "frontend\OnlineStore.HttpApiClient\OnlineStore.HttpApiClient.csproj", "{51FB4ADB-D5ED-4B42-8384-D8BA9F0FE2AD}"
EndProject
Project("{FAE04EC0-301F-11D3-BF4B-00C04F79EFBC}") = "OnlineStore.BlazorClient", "frontend\OnlineStore.BlazorClient\OnlineStore.BlazorClient.csproj", "{6789EB7E-3F79-43BF-B92E-7E9795586E5C}"
EndProject
Project("{FAE04EC0-301F-11D3-BF4B-00C04F79EFBC}") = "OnlineStore.HttpModels", "shared\OnlineStore.HttpModels\OnlineStore.HttpModels.csproj", "{11F8C19D-E046-4C3A-9F54-7081BF053B11}"
EndProject
Project("{FAE04EC0-301F-11D3-BF4B-00C04F79EFBC}") = "OnlineStore.HttpApiClientRefit", "frontend\OnlineStore.HttpApiClientRefit\OnlineStore.HttpApiClientRefit.csproj", "{D475C4D2-3839-47B7-AB82-FFE5EDC72583}"
EndProject
Project("{FAE04EC0-301F-11D3-BF4B-00C04F79EFBC}") = "OnlineStore.HttpApiClientFake", "frontend\OnlineStore.HttpApiClientFake\OnlineStore.HttpApiClientFake.csproj", "{998E8FAB-ABF9-478D-B7CC-6F0AD9EDDAC1}"
EndProject
Project("{FAE04EC0-301F-11D3-BF4B-00C04F79EFBC}") = "OnlineStore.Data", "backend\OnlineStore.Data\OnlineStore.Data.csproj", "{0AC96581-1AC6-4061-9FEA-5034624EFA25}"
EndProject
Project("{FAE04EC0-301F-11D3-BF4B-00C04F79EFBC}") = "OnlineStore.Domain", "backend\OnlineStore.Domain\OnlineStore.Domain.csproj", "{D6F41908-5839-4E21-8F15-5671F4CD468B}"
EndProject
Project("{2150E333-8FDC-42A3-9474-1A3956D46DE8}") = "backend", "backend", "{393410D6-46CD-41C4-B89C-C627919129B6}"
EndProject
Project("{2150E333-8FDC-42A3-9474-1A3956D46DE8}") = "frontend", "frontend", "{AFB03BD8-A4CB-48E5-A6B1-5E5744294C85}"
EndProject
Project("{2150E333-8FDC-42A3-9474-1A3956D46DE8}") = "shared", "shared", "{7E15F6EE-E9E0-4ACD-A306-8611DA813149}"
EndProject
Project("{FAE04EC0-301F-11D3-BF4B-00C04F79EFBC}") = "OnlineStore.Domain.UnitTests", "Tests\UnitTest\OnlineStore.Domain.UnitTests\OnlineStore.Domain.UnitTests.csproj", "{55FC6061-3C04-4201-9E5D-2CAD5F5C0460}"
EndProject
Project("{2150E333-8FDC-42A3-9474-1A3956D46DE8}") = "Tests", "Tests", "{208DA384-6765-4D37-A49E-EB1EA98239C8}"
EndProject
Project("{2150E333-8FDC-42A3-9474-1A3956D46DE8}") = "UnitTest", "UnitTest", "{2C21D029-584F-4587-99E9-9941701F2006}"
EndProject
Project("{2150E333-8FDC-42A3-9474-1A3956D46DE8}") = "IntegrationTest", "IntegrationTest", "{6F1BE852-F077-4AAF-9146-797D8FAC9E15}"
EndProject
Project("{FAE04EC0-301F-11D3-BF4B-00C04F79EFBC}") = "OnlineStore.WebApi.IntegrationTest", "Tests\IntegrationTest\OnlineStore.WebApi.IntegrationTest\OnlineStore.WebApi.IntegrationTest.csproj", "{DE988F05-64F1-47F9-90F8-FA94B78D5878}"
EndProject
Global
	GlobalSection(SolutionConfigurationPlatforms) = preSolution
		Debug|Any CPU = Debug|Any CPU
		Release|Any CPU = Release|Any CPU
	EndGlobalSection
	GlobalSection(ProjectConfigurationPlatforms) = postSolution
		{54D0533F-40D8-4FCE-97D0-E26BB31C50A5}.Debug|Any CPU.ActiveCfg = Debug|Any CPU
		{54D0533F-40D8-4FCE-97D0-E26BB31C50A5}.Debug|Any CPU.Build.0 = Debug|Any CPU
		{54D0533F-40D8-4FCE-97D0-E26BB31C50A5}.Release|Any CPU.ActiveCfg = Release|Any CPU
		{54D0533F-40D8-4FCE-97D0-E26BB31C50A5}.Release|Any CPU.Build.0 = Release|Any CPU
		{51FB4ADB-D5ED-4B42-8384-D8BA9F0FE2AD}.Debug|Any CPU.ActiveCfg = Debug|Any CPU
		{51FB4ADB-D5ED-4B42-8384-D8BA9F0FE2AD}.Debug|Any CPU.Build.0 = Debug|Any CPU
		{51FB4ADB-D5ED-4B42-8384-D8BA9F0FE2AD}.Release|Any CPU.ActiveCfg = Release|Any CPU
		{51FB4ADB-D5ED-4B42-8384-D8BA9F0FE2AD}.Release|Any CPU.Build.0 = Release|Any CPU
		{6789EB7E-3F79-43BF-B92E-7E9795586E5C}.Debug|Any CPU.ActiveCfg = Debug|Any CPU
		{6789EB7E-3F79-43BF-B92E-7E9795586E5C}.Debug|Any CPU.Build.0 = Debug|Any CPU
		{6789EB7E-3F79-43BF-B92E-7E9795586E5C}.Release|Any CPU.ActiveCfg = Release|Any CPU
		{6789EB7E-3F79-43BF-B92E-7E9795586E5C}.Release|Any CPU.Build.0 = Release|Any CPU
		{11F8C19D-E046-4C3A-9F54-7081BF053B11}.Debug|Any CPU.ActiveCfg = Debug|Any CPU
		{11F8C19D-E046-4C3A-9F54-7081BF053B11}.Debug|Any CPU.Build.0 = Debug|Any CPU
		{11F8C19D-E046-4C3A-9F54-7081BF053B11}.Release|Any CPU.ActiveCfg = Release|Any CPU
		{11F8C19D-E046-4C3A-9F54-7081BF053B11}.Release|Any CPU.Build.0 = Release|Any CPU
		{D475C4D2-3839-47B7-AB82-FFE5EDC72583}.Debug|Any CPU.ActiveCfg = Debug|Any CPU
		{D475C4D2-3839-47B7-AB82-FFE5EDC72583}.Debug|Any CPU.Build.0 = Debug|Any CPU
		{D475C4D2-3839-47B7-AB82-FFE5EDC72583}.Release|Any CPU.ActiveCfg = Release|Any CPU
		{D475C4D2-3839-47B7-AB82-FFE5EDC72583}.Release|Any CPU.Build.0 = Release|Any CPU
		{998E8FAB-ABF9-478D-B7CC-6F0AD9EDDAC1}.Debug|Any CPU.ActiveCfg = Debug|Any CPU
		{998E8FAB-ABF9-478D-B7CC-6F0AD9EDDAC1}.Debug|Any CPU.Build.0 = Debug|Any CPU
		{998E8FAB-ABF9-478D-B7CC-6F0AD9EDDAC1}.Release|Any CPU.ActiveCfg = Release|Any CPU
		{998E8FAB-ABF9-478D-B7CC-6F0AD9EDDAC1}.Release|Any CPU.Build.0 = Release|Any CPU
		{0AC96581-1AC6-4061-9FEA-5034624EFA25}.Debug|Any CPU.ActiveCfg = Debug|Any CPU
		{0AC96581-1AC6-4061-9FEA-5034624EFA25}.Debug|Any CPU.Build.0 = Debug|Any CPU
		{0AC96581-1AC6-4061-9FEA-5034624EFA25}.Release|Any CPU.ActiveCfg = Release|Any CPU
		{0AC96581-1AC6-4061-9FEA-5034624EFA25}.Release|Any CPU.Build.0 = Release|Any CPU
		{D6F41908-5839-4E21-8F15-5671F4CD468B}.Debug|Any CPU.ActiveCfg = Debug|Any CPU
		{D6F41908-5839-4E21-8F15-5671F4CD468B}.Debug|Any CPU.Build.0 = Debug|Any CPU
		{D6F41908-5839-4E21-8F15-5671F4CD468B}.Release|Any CPU.ActiveCfg = Release|Any CPU
		{D6F41908-5839-4E21-8F15-5671F4CD468B}.Release|Any CPU.Build.0 = Release|Any CPU
		{55FC6061-3C04-4201-9E5D-2CAD5F5C0460}.Debug|Any CPU.ActiveCfg = Debug|Any CPU
		{55FC6061-3C04-4201-9E5D-2CAD5F5C0460}.Debug|Any CPU.Build.0 = Debug|Any CPU
		{55FC6061-3C04-4201-9E5D-2CAD5F5C0460}.Release|Any CPU.ActiveCfg = Release|Any CPU
		{55FC6061-3C04-4201-9E5D-2CAD5F5C0460}.Release|Any CPU.Build.0 = Release|Any CPU
		{DE988F05-64F1-47F9-90F8-FA94B78D5878}.Debug|Any CPU.ActiveCfg = Debug|Any CPU
		{DE988F05-64F1-47F9-90F8-FA94B78D5878}.Debug|Any CPU.Build.0 = Debug|Any CPU
		{DE988F05-64F1-47F9-90F8-FA94B78D5878}.Release|Any CPU.ActiveCfg = Release|Any CPU
		{DE988F05-64F1-47F9-90F8-FA94B78D5878}.Release|Any CPU.Build.0 = Release|Any CPU
	EndGlobalSection
	GlobalSection(NestedProjects) = preSolution
		{0AC96581-1AC6-4061-9FEA-5034624EFA25} = {393410D6-46CD-41C4-B89C-C627919129B6}
		{D6F41908-5839-4E21-8F15-5671F4CD468B} = {393410D6-46CD-41C4-B89C-C627919129B6}
		{54D0533F-40D8-4FCE-97D0-E26BB31C50A5} = {393410D6-46CD-41C4-B89C-C627919129B6}
		{11F8C19D-E046-4C3A-9F54-7081BF053B11} = {7E15F6EE-E9E0-4ACD-A306-8611DA813149}
		{D475C4D2-3839-47B7-AB82-FFE5EDC72583} = {AFB03BD8-A4CB-48E5-A6B1-5E5744294C85}
		{998E8FAB-ABF9-478D-B7CC-6F0AD9EDDAC1} = {AFB03BD8-A4CB-48E5-A6B1-5E5744294C85}
		{51FB4ADB-D5ED-4B42-8384-D8BA9F0FE2AD} = {AFB03BD8-A4CB-48E5-A6B1-5E5744294C85}
		{6789EB7E-3F79-43BF-B92E-7E9795586E5C} = {AFB03BD8-A4CB-48E5-A6B1-5E5744294C85}
		{2C21D029-584F-4587-99E9-9941701F2006} = {208DA384-6765-4D37-A49E-EB1EA98239C8}
		{55FC6061-3C04-4201-9E5D-2CAD5F5C0460} = {2C21D029-584F-4587-99E9-9941701F2006}
		{6F1BE852-F077-4AAF-9146-797D8FAC9E15} = {208DA384-6765-4D37-A49E-EB1EA98239C8}
		{DE988F05-64F1-47F9-90F8-FA94B78D5878} = {6F1BE852-F077-4AAF-9146-797D8FAC9E15}
	EndGlobalSection
EndGlobal
